
Microsoft Visual Studio Solution File, Format Version 12.00
# Visual Studio Version 17
VisualStudioVersion = 17.4.33213.308
MinimumVisualStudioVersion = 10.0.40219.1
Project("{9A19103F-16F7-4668-BE54-9A1E7A4F7556}") = "eShopSolution.WebApp", "eShopSolution.WebApp\eShopSolution.WebApp.csproj", "{FCD523E6-BEA8-463F-8F6F-7EB6EEB5B461}"
EndProject
Project("{2150E333-8FDC-42A3-9474-1A3956D46DE8}") = "0. Solution Items", "0. Solution Items", "{CDEEFF41-44E4-43C4-8CD4-D7A5F3D67CBC}"
	ProjectSection(SolutionItems) = preProject
		README.md = README.md
	EndProjectSection
EndProject
Project("{9A19103F-16F7-4668-BE54-9A1E7A4F7556}") = "eShopSolution.Data", "eShopSolution.Data\eShopSolution.Data.csproj", "{2E36791D-5A93-445D-8E74-95B186BB2AD0}"
EndProject
Project("{9A19103F-16F7-4668-BE54-9A1E7A4F7556}") = "eShopSolution.Application", "eShopSolution.Application\eShopSolution.Application.csproj", "{62569F4F-7891-4D6D-8002-C39C37E7AC50}"
EndProject
Project("{9A19103F-16F7-4668-BE54-9A1E7A4F7556}") = "eShopSolution.Utilities", "eShopSolution.Utilities\eShopSolution.Utilities.csproj", "{EA243626-E003-4BA7-9A63-E21417C3C632}"
EndProject
Project("{9A19103F-16F7-4668-BE54-9A1E7A4F7556}") = "eShopSolution.ViewModels", "eShopSolution.ViewModels\eShopSolution.ViewModels.csproj", "{E2886EBD-E03F-454E-ACCD-CD6E861E8934}"
EndProject
Project("{9A19103F-16F7-4668-BE54-9A1E7A4F7556}") = "eShopSolution.BackendApi", "eShopSolution.BackendApi\eShopSolution.BackendApi.csproj", "{432D2367-9A48-424D-B53F-FF42FC99ABEE}"
EndProject
Project("{2150E333-8FDC-42A3-9474-1A3956D46DE8}") = "1. Infrastructure", "1. Infrastructure", "{837749FC-335D-41CB-A5BD-6507C4CA8C4C}"
EndProject
Project("{2150E333-8FDC-42A3-9474-1A3956D46DE8}") = "2. Domain", "2. Domain", "{7428B4AD-DE02-4BE7-A5C6-288C9FAA1E33}"
EndProject
Project("{2150E333-8FDC-42A3-9474-1A3956D46DE8}") = "3. Hosts", "3. Hosts", "{7ACA343F-F32E-43AF-B221-A911D8CDFFF8}"
EndProject
Global
	GlobalSection(SolutionConfigurationPlatforms) = preSolution
		Debug|Any CPU = Debug|Any CPU
		Release|Any CPU = Release|Any CPU
	EndGlobalSection
	GlobalSection(ProjectConfigurationPlatforms) = postSolution
		{FCD523E6-BEA8-463F-8F6F-7EB6EEB5B461}.Debug|Any CPU.ActiveCfg = Debug|Any CPU
		{FCD523E6-BEA8-463F-8F6F-7EB6EEB5B461}.Debug|Any CPU.Build.0 = Debug|Any CPU
		{FCD523E6-BEA8-463F-8F6F-7EB6EEB5B461}.Release|Any CPU.ActiveCfg = Release|Any CPU
		{FCD523E6-BEA8-463F-8F6F-7EB6EEB5B461}.Release|Any CPU.Build.0 = Release|Any CPU
		{2E36791D-5A93-445D-8E74-95B186BB2AD0}.Debug|Any CPU.ActiveCfg = Debug|Any CPU
		{2E36791D-5A93-445D-8E74-95B186BB2AD0}.Debug|Any CPU.Build.0 = Debug|Any CPU
		{2E36791D-5A93-445D-8E74-95B186BB2AD0}.Release|Any CPU.ActiveCfg = Release|Any CPU
		{2E36791D-5A93-445D-8E74-95B186BB2AD0}.Release|Any CPU.Build.0 = Release|Any CPU
		{62569F4F-7891-4D6D-8002-C39C37E7AC50}.Debug|Any CPU.ActiveCfg = Debug|Any CPU
		{62569F4F-7891-4D6D-8002-C39C37E7AC50}.Debug|Any CPU.Build.0 = Debug|Any CPU
		{62569F4F-7891-4D6D-8002-C39C37E7AC50}.Release|Any CPU.ActiveCfg = Release|Any CPU
		{62569F4F-7891-4D6D-8002-C39C37E7AC50}.Release|Any CPU.Build.0 = Release|Any CPU
		{EA243626-E003-4BA7-9A63-E21417C3C632}.Debug|Any CPU.ActiveCfg = Debug|Any CPU
		{EA243626-E003-4BA7-9A63-E21417C3C632}.Debug|Any CPU.Build.0 = Debug|Any CPU
		{EA243626-E003-4BA7-9A63-E21417C3C632}.Release|Any CPU.ActiveCfg = Release|Any CPU
		{EA243626-E003-4BA7-9A63-E21417C3C632}.Release|Any CPU.Build.0 = Release|Any CPU
		{E2886EBD-E03F-454E-ACCD-CD6E861E8934}.Debug|Any CPU.ActiveCfg = Debug|Any CPU
		{E2886EBD-E03F-454E-ACCD-CD6E861E8934}.Debug|Any CPU.Build.0 = Debug|Any CPU
		{E2886EBD-E03F-454E-ACCD-CD6E861E8934}.Release|Any CPU.ActiveCfg = Release|Any CPU
		{E2886EBD-E03F-454E-ACCD-CD6E861E8934}.Release|Any CPU.Build.0 = Release|Any CPU
		{432D2367-9A48-424D-B53F-FF42FC99ABEE}.Debug|Any CPU.ActiveCfg = Debug|Any CPU
		{432D2367-9A48-424D-B53F-FF42FC99ABEE}.Debug|Any CPU.Build.0 = Debug|Any CPU
		{432D2367-9A48-424D-B53F-FF42FC99ABEE}.Release|Any CPU.ActiveCfg = Release|Any CPU
		{432D2367-9A48-424D-B53F-FF42FC99ABEE}.Release|Any CPU.Build.0 = Release|Any CPU
	EndGlobalSection
	GlobalSection(SolutionProperties) = preSolution
		HideSolutionNode = FALSE
	EndGlobalSection
	GlobalSection(NestedProjects) = preSolution
		{FCD523E6-BEA8-463F-8F6F-7EB6EEB5B461} = {7ACA343F-F32E-43AF-B221-A911D8CDFFF8}
		{2E36791D-5A93-445D-8E74-95B186BB2AD0} = {7428B4AD-DE02-4BE7-A5C6-288C9FAA1E33}
		{62569F4F-7891-4D6D-8002-C39C37E7AC50} = {7428B4AD-DE02-4BE7-A5C6-288C9FAA1E33}
		{EA243626-E003-4BA7-9A63-E21417C3C632} = {837749FC-335D-41CB-A5BD-6507C4CA8C4C}
		{E2886EBD-E03F-454E-ACCD-CD6E861E8934} = {837749FC-335D-41CB-A5BD-6507C4CA8C4C}
		{432D2367-9A48-424D-B53F-FF42FC99ABEE} = {7ACA343F-F32E-43AF-B221-A911D8CDFFF8}
	EndGlobalSection
	GlobalSection(ExtensibilityGlobals) = postSolution
		SolutionGuid = {5CD74D83-8226-4DC0-859B-2B8FC10EFE5B}
	EndGlobalSection
EndGlobal
